
Microsoft Visual Studio Solution File, Format Version 12.00
# Visual Studio Version 16
VisualStudioVersion = 16.0.29519.87
MinimumVisualStudioVersion = 10.0.40219.1
Project("{FAE04EC0-301F-11D3-BF4B-00C04F79EFBC}") = "Rossi_Esercizio2Thread", "Rossi_Esercizio2Thread\Rossi_Esercizio2Thread.csproj", "{49118B69-52EA-4B57-93A4-B9C4C3A1BD52}"
EndProject
Global
	GlobalSection(SolutionConfigurationPlatforms) = preSolution
		Debug|Any CPU = Debug|Any CPU
		Release|Any CPU = Release|Any CPU
	EndGlobalSection
	GlobalSection(ProjectConfigurationPlatforms) = postSolution
		{49118B69-52EA-4B57-93A4-B9C4C3A1BD52}.Debug|Any CPU.ActiveCfg = Debug|Any CPU
		{49118B69-52EA-4B57-93A4-B9C4C3A1BD52}.Debug|Any CPU.Build.0 = Debug|Any CPU
		{49118B69-52EA-4B57-93A4-B9C4C3A1BD52}.Release|Any CPU.ActiveCfg = Release|Any CPU
		{49118B69-52EA-4B57-93A4-B9C4C3A1BD52}.Release|Any CPU.Build.0 = Release|Any CPU
	EndGlobalSection
	GlobalSection(SolutionProperties) = preSolution
		HideSolutionNode = FALSE
	EndGlobalSection
	GlobalSection(ExtensibilityGlobals) = postSolution
		SolutionGuid = {6558C9DF-B442-49B4-B98F-ED5795B878EB}
	EndGlobalSection
EndGlobal
